
Microsoft Visual Studio Solution File, Format Version 12.00
# Visual Studio Version 16
VisualStudioVersion = 16.0.29920.165
MinimumVisualStudioVersion = 10.0.40219.1
Project("{FAE04EC0-301F-11D3-BF4B-00C04F79EFBC}") = "ZombustersWindows", "ZombustersWindows\ZombustersWindows.csproj", "{29A4CB64-5FC5-4E7B-9599-1E763B602360}"
EndProject
Global
	GlobalSection(SolutionConfigurationPlatforms) = preSolution
		Debug|Any CPU = Debug|Any CPU
		Debug|ARM = Debug|ARM
		Debug|Mixed Platforms = Debug|Mixed Platforms
		Debug|x64 = Debug|x64
		Debug|x86 = Debug|x86
		Demo|Any CPU = Demo|Any CPU
		Demo|ARM = Demo|ARM
		Demo|Mixed Platforms = Demo|Mixed Platforms
		Demo|x64 = Demo|x64
		Demo|x86 = Demo|x86
		DemoDebug|Any CPU = DemoDebug|Any CPU
		DemoDebug|ARM = DemoDebug|ARM
		DemoDebug|Mixed Platforms = DemoDebug|Mixed Platforms
		DemoDebug|x64 = DemoDebug|x64
		DemoDebug|x86 = DemoDebug|x86
		Release|Any CPU = Release|Any CPU
		Release|ARM = Release|ARM
		Release|Mixed Platforms = Release|Mixed Platforms
		Release|x64 = Release|x64
		Release|x86 = Release|x86
	EndGlobalSection
	GlobalSection(ProjectConfigurationPlatforms) = postSolution
		{29A4CB64-5FC5-4E7B-9599-1E763B602360}.Debug|Any CPU.ActiveCfg = Debug|x86
		{29A4CB64-5FC5-4E7B-9599-1E763B602360}.Debug|ARM.ActiveCfg = Debug|x86
		{29A4CB64-5FC5-4E7B-9599-1E763B602360}.Debug|Mixed Platforms.ActiveCfg = Debug|x86
		{29A4CB64-5FC5-4E7B-9599-1E763B602360}.Debug|Mixed Platforms.Build.0 = Debug|x86
		{29A4CB64-5FC5-4E7B-9599-1E763B602360}.Debug|x64.ActiveCfg = Debug|x86
		{29A4CB64-5FC5-4E7B-9599-1E763B602360}.Debug|x86.ActiveCfg = Debug|x86
		{29A4CB64-5FC5-4E7B-9599-1E763B602360}.Debug|x86.Build.0 = Debug|x86
		{29A4CB64-5FC5-4E7B-9599-1E763B602360}.Demo|Any CPU.ActiveCfg = Demo|x86
		{29A4CB64-5FC5-4E7B-9599-1E763B602360}.Demo|ARM.ActiveCfg = Demo|x86
		{29A4CB64-5FC5-4E7B-9599-1E763B602360}.Demo|Mixed Platforms.ActiveCfg = Demo|x86
		{29A4CB64-5FC5-4E7B-9599-1E763B602360}.Demo|Mixed Platforms.Build.0 = Demo|x86
		{29A4CB64-5FC5-4E7B-9599-1E763B602360}.Demo|x64.ActiveCfg = Demo|x86
		{29A4CB64-5FC5-4E7B-9599-1E763B602360}.Demo|x86.ActiveCfg = Demo|x86
		{29A4CB64-5FC5-4E7B-9599-1E763B602360}.Demo|x86.Build.0 = Demo|x86
		{29A4CB64-5FC5-4E7B-9599-1E763B602360}.DemoDebug|Any CPU.ActiveCfg = DemoDebug|x86
		{29A4CB64-5FC5-4E7B-9599-1E763B602360}.DemoDebug|ARM.ActiveCfg = DemoDebug|x86
		{29A4CB64-5FC5-4E7B-9599-1E763B602360}.DemoDebug|Mixed Platforms.ActiveCfg = DemoDebug|x86
		{29A4CB64-5FC5-4E7B-9599-1E763B602360}.DemoDebug|Mixed Platforms.Build.0 = DemoDebug|x86
		{29A4CB64-5FC5-4E7B-9599-1E763B602360}.DemoDebug|x64.ActiveCfg = DemoDebug|x86
		{29A4CB64-5FC5-4E7B-9599-1E763B602360}.DemoDebug|x86.ActiveCfg = DemoDebug|x86
		{29A4CB64-5FC5-4E7B-9599-1E763B602360}.DemoDebug|x86.Build.0 = DemoDebug|x86
		{29A4CB64-5FC5-4E7B-9599-1E763B602360}.Release|Any CPU.ActiveCfg = Release|x86
		{29A4CB64-5FC5-4E7B-9599-1E763B602360}.Release|ARM.ActiveCfg = Release|x86
		{29A4CB64-5FC5-4E7B-9599-1E763B602360}.Release|Mixed Platforms.ActiveCfg = Release|x86
		{29A4CB64-5FC5-4E7B-9599-1E763B602360}.Release|Mixed Platforms.Build.0 = Release|x86
		{29A4CB64-5FC5-4E7B-9599-1E763B602360}.Release|x64.ActiveCfg = Release|x86
		{29A4CB64-5FC5-4E7B-9599-1E763B602360}.Release|x86.ActiveCfg = Release|x86
		{29A4CB64-5FC5-4E7B-9599-1E763B602360}.Release|x86.Build.0 = Release|x86
	EndGlobalSection
	GlobalSection(SolutionProperties) = preSolution
		HideSolutionNode = FALSE
	EndGlobalSection
	GlobalSection(ExtensibilityGlobals) = postSolution
		SolutionGuid = {3350B02D-8388-41B3-AA06-3C3F0D66C9E4}
	EndGlobalSection
EndGlobal
