
Microsoft Visual Studio Solution File, Format Version 12.00
# Visual Studio Version 16
VisualStudioVersion = 16.0.29920.165
MinimumVisualStudioVersion = 10.0.40219.1
Project("{9A19103F-16F7-4668-BE54-9A1E7A4F7556}") = "ZombustersWindows", "ZombustersWindows\ZombustersWindows.csproj", "{29A4CB64-5FC5-4E7B-9599-1E763B602360}"
EndProject
Global
	GlobalSection(SolutionConfigurationPlatforms) = preSolution
		Debug|Any CPU = Debug|Any CPU
		Demo|Any CPU = Demo|Any CPU
		DemoDebug|Any CPU = DemoDebug|Any CPU
		Release|Any CPU = Release|Any CPU
	EndGlobalSection
	GlobalSection(ProjectConfigurationPlatforms) = postSolution
		{29A4CB64-5FC5-4E7B-9599-1E763B602360}.Debug|Any CPU.ActiveCfg = Debug|Any CPU
		{29A4CB64-5FC5-4E7B-9599-1E763B602360}.Debug|Any CPU.Build.0 = Debug|Any CPU
		{29A4CB64-5FC5-4E7B-9599-1E763B602360}.Demo|Any CPU.ActiveCfg = Release|Any CPU
		{29A4CB64-5FC5-4E7B-9599-1E763B602360}.Demo|Any CPU.Build.0 = Release|Any CPU
		{29A4CB64-5FC5-4E7B-9599-1E763B602360}.DemoDebug|Any CPU.ActiveCfg = Debug|Any CPU
		{29A4CB64-5FC5-4E7B-9599-1E763B602360}.DemoDebug|Any CPU.Build.0 = Debug|Any CPU
		{29A4CB64-5FC5-4E7B-9599-1E763B602360}.Release|Any CPU.ActiveCfg = Release|Any CPU
		{29A4CB64-5FC5-4E7B-9599-1E763B602360}.Release|Any CPU.Build.0 = Release|Any CPU
	EndGlobalSection
	GlobalSection(SolutionProperties) = preSolution
		HideSolutionNode = FALSE
	EndGlobalSection
	GlobalSection(ExtensibilityGlobals) = postSolution
		SolutionGuid = {3350B02D-8388-41B3-AA06-3C3F0D66C9E4}
	EndGlobalSection
EndGlobal
