{
  "name": "assets",
  "version": "1.0.0",
  "lockfileVersion": 3,
  "requires": true,
  "packages": {
    "": {
      "name": "assets",
      "version": "1.0.0",
      "license": "ISC",
      "dependencies": {
        "pngjs": "^7.0.0",
        "xnb": "^1.3.0-a"
      }
    },
    "node_modules/pngjs": {
      "version": "7.0.0",
      "resolved": "https://registry.npmjs.org/pngjs/-/pngjs-7.0.0.tgz",
      "integrity": "sha512-LKWqWJRhstyYo9pGvgor/ivk2w94eSjE3RGVuzLGlr3NmD8bf7RcYGze1mNdEHRP6TRP6rMuDHk5t44hnTRyow==",
      "license": "MIT",
      "engines": {
        "node": ">=14.19.0"
      }
    },
    "node_modules/xnb": {
      "version": "1.3.0-a",
      "resolved": "https://registry.npmjs.org/xnb/-/xnb-1.3.0-a.tgz",
      "integrity": "sha512-N6oz2xqkx8NWOQtlEVIABW3EKPOXskgla3/usZNEoLeRzNBNfrt4Lb5yjaSBR6ZYUYWahZ+wthCeeT+pSCU5og==",
      "license": "LGPL-3.0-or-later"
    }
  }
}
