
Microsoft Visual Studio Solution File, Format Version 12.00
# Visual Studio 15
Project("{FAE04EC0-301F-11D3-BF4B-00C04F79EFBC}") = "ZombustersMac", "ZombustersWindows\ZombustersLinux.csproj", "{43927F95-03CB-4EB3-8AB9-BF98CA118484}"
EndProject
Global
	GlobalSection(SolutionConfigurationPlatforms) = preSolution
		Debug|Any CPU = Debug|Any CPU
		Release|Any CPU = Release|Any CPU
		Demo|Any CPU = Demo|Any CPU
		DemoDebug|Any CPU = DemoDebug|Any CPU
	EndGlobalSection
	GlobalSection(ProjectConfigurationPlatforms) = postSolution
		{43927F95-03CB-4EB3-8AB9-BF98CA118484}.Debug|Any CPU.ActiveCfg = Debug|Any CPU
		{43927F95-03CB-4EB3-8AB9-BF98CA118484}.Debug|Any CPU.Build.0 = Debug|Any CPU
		{43927F95-03CB-4EB3-8AB9-BF98CA118484}.Release|Any CPU.ActiveCfg = Release|Any CPU
		{43927F95-03CB-4EB3-8AB9-BF98CA118484}.Release|Any CPU.Build.0 = Release|Any CPU
		{43927F95-03CB-4EB3-8AB9-BF98CA118484}.Demo|Any CPU.ActiveCfg = Demo|Any CPU
		{43927F95-03CB-4EB3-8AB9-BF98CA118484}.Demo|Any CPU.Build.0 = Demo|Any CPU
		{43927F95-03CB-4EB3-8AB9-BF98CA118484}.DemoDebug|Any CPU.ActiveCfg = Debug|Any CPU
		{43927F95-03CB-4EB3-8AB9-BF98CA118484}.DemoDebug|Any CPU.Build.0 = Debug|Any CPU
	EndGlobalSection
	GlobalSection(MonoDevelopProperties) = preSolution
		Policies = $0
		$0.DotNetNamingPolicy = $1
		$1.DirectoryNamespaceAssociation = PrefixedHierarchical
		version = 1.2.0
	EndGlobalSection
EndGlobal
